
Microsoft Visual Studio Solution File, Format Version 12.00
# Visual Studio Version 16
VisualStudioVersion = 16.0.31702.278
MinimumVisualStudioVersion = 10.0.40219.1
Project("{9A19103F-16F7-4668-BE54-9A1E7A4F7556}") = "Client", "Client\Client.csproj", "{5F882CB3-6FFF-4A67-BD3F-AE4098A34794}"
EndProject
Project("{9A19103F-16F7-4668-BE54-9A1E7A4F7556}") = "Common", "Common\Common.csproj", "{769AABDE-F44E-4EAB-A3E7-87289CEF9E5B}"
EndProject
Project("{9A19103F-16F7-4668-BE54-9A1E7A4F7556}") = "Server", "GrpcServer\Server.csproj", "{57BB4206-50F7-4B8A-964F-7816E5C36838}"
EndProject
Project("{9A19103F-16F7-4668-BE54-9A1E7A4F7556}") = "AdminServer", "AdminServer\AdminServer.csproj", "{987FAFF7-6FBA-4150-86B4-D066A126979F}"
EndProject
Global
	GlobalSection(SolutionConfigurationPlatforms) = preSolution
		Debug|Any CPU = Debug|Any CPU
		Release|Any CPU = Release|Any CPU
	EndGlobalSection
	GlobalSection(ProjectConfigurationPlatforms) = postSolution
		{5F882CB3-6FFF-4A67-BD3F-AE4098A34794}.Debug|Any CPU.ActiveCfg = Debug|Any CPU
		{5F882CB3-6FFF-4A67-BD3F-AE4098A34794}.Debug|Any CPU.Build.0 = Debug|Any CPU
		{5F882CB3-6FFF-4A67-BD3F-AE4098A34794}.Release|Any CPU.ActiveCfg = Release|Any CPU
		{5F882CB3-6FFF-4A67-BD3F-AE4098A34794}.Release|Any CPU.Build.0 = Release|Any CPU
		{769AABDE-F44E-4EAB-A3E7-87289CEF9E5B}.Debug|Any CPU.ActiveCfg = Debug|Any CPU
		{769AABDE-F44E-4EAB-A3E7-87289CEF9E5B}.Debug|Any CPU.Build.0 = Debug|Any CPU
		{769AABDE-F44E-4EAB-A3E7-87289CEF9E5B}.Release|Any CPU.ActiveCfg = Release|Any CPU
		{769AABDE-F44E-4EAB-A3E7-87289CEF9E5B}.Release|Any CPU.Build.0 = Release|Any CPU
		{57BB4206-50F7-4B8A-964F-7816E5C36838}.Debug|Any CPU.ActiveCfg = Debug|Any CPU
		{57BB4206-50F7-4B8A-964F-7816E5C36838}.Debug|Any CPU.Build.0 = Debug|Any CPU
		{57BB4206-50F7-4B8A-964F-7816E5C36838}.Release|Any CPU.ActiveCfg = Release|Any CPU
		{57BB4206-50F7-4B8A-964F-7816E5C36838}.Release|Any CPU.Build.0 = Release|Any CPU
		{987FAFF7-6FBA-4150-86B4-D066A126979F}.Debug|Any CPU.ActiveCfg = Debug|Any CPU
		{987FAFF7-6FBA-4150-86B4-D066A126979F}.Debug|Any CPU.Build.0 = Debug|Any CPU
		{987FAFF7-6FBA-4150-86B4-D066A126979F}.Release|Any CPU.ActiveCfg = Release|Any CPU
		{987FAFF7-6FBA-4150-86B4-D066A126979F}.Release|Any CPU.Build.0 = Release|Any CPU
	EndGlobalSection
	GlobalSection(SolutionProperties) = preSolution
		HideSolutionNode = FALSE
	EndGlobalSection
	GlobalSection(ExtensibilityGlobals) = postSolution
		SolutionGuid = {9717B920-9617-4635-A38D-D921A200D5A3}
	EndGlobalSection
EndGlobal
